<?xml version="1.0" encoding="utf-8"?>
<Project ToolsVersion="4.0" xmlns="http://schemas.microsoft.com/developer/msbuild/2003">
  <ItemGroup>
    <Filter Include="소스 파일">
      <UniqueIdentifier>{4FC737F1-C7A5-4376-A066-2A32D752A2FF}</UniqueIdentifier>
      <Extensions>cpp;c;cc;cxx;def;odl;idl;hpj;bat;asm;asmx</Extensions>
    </Filter>
    <Filter Include="헤더 파일">
      <UniqueIdentifier>{93995380-89BD-4b04-88EB-625FBE52EBFB}</UniqueIdentifier>
      <Extensions>h;hh;hpp;hxx;hm;inl;inc;ipp;xsd</Extensions>
    </Filter>
    <Filter Include="리소스 파일">
      <UniqueIdentifier>{67DA6AB6-F800-4c08-8B7A-83BB121AAD01}</UniqueIdentifier>
      <Extensions>rc;ico;cur;bmp;dlg;rc2;rct;bin;rgs;gif;jpg;jpeg;jpe;resx;tiff;tif;png;wav;mfcribbon-ms</Extensions>
    </Filter>
    <Filter Include="헤더 파일\Pieces">
      <UniqueIdentifier>{5f1ee7be-8817-41ca-b5ee-81e44c2761f1}</UniqueIdentifier>
    </Filter>
    <Filter Include="소스 파일\Pieces">
      <UniqueIdentifier>{6381e17c-4b50-4174-9602-3959e73855d6}</UniqueIdentifier>
    </Filter>
  </ItemGroup>
  <ItemGroup>
    <ClCompile Include="Main.cpp">
      <Filter>소스 파일</Filter>
    </ClCompile>
    <ClCompile Include="ChessManager.cpp">
      <Filter>소스 파일</Filter>
    </ClCompile>
    <ClCompile Include="ChessGraphics.cpp">
      <Filter>소스 파일</Filter>
    </ClCompile>
    <ClCompile Include="InputManager.cpp">
      <Filter>소스 파일</Filter>
    </ClCompile>
    <ClCompile Include="ChessBoard.cpp">
      <Filter>소스 파일</Filter>
    </ClCompile>
    <ClCompile Include="ChessPieces.cpp">
      <Filter>소스 파일\Pieces</Filter>
    </ClCompile>
    <ClCompile Include="Rook.cpp">
      <Filter>소스 파일\Pieces</Filter>
    </ClCompile>
    <ClCompile Include="Queen.cpp">
      <Filter>소스 파일\Pieces</Filter>
    </ClCompile>
    <ClCompile Include="Pawn.cpp">
      <Filter>소스 파일\Pieces</Filter>
    </ClCompile>
    <ClCompile Include="Knight.cpp">
      <Filter>소스 파일\Pieces</Filter>
    </ClCompile>
    <ClCompile Include="King.cpp">
      <Filter>소스 파일\Pieces</Filter>
    </ClCompile>
    <ClCompile Include="Bishop.cpp">
      <Filter>소스 파일\Pieces</Filter>
    </ClCompile>
  </ItemGroup>
  <ItemGroup>
    <ClInclude Include="ChessManager.h">
      <Filter>헤더 파일</Filter>
    </ClInclude>
    <ClInclude Include="ChessGraphics.h">
      <Filter>헤더 파일</Filter>
    </ClInclude>
    <ClInclude Include="InputManager.h">
      <Filter>헤더 파일</Filter>
    </ClInclude>
    <ClInclude Include="ChessBoard.h">
      <Filter>헤더 파일</Filter>
    </ClInclude>
    <ClInclude Include="ChessPieces.h">
      <Filter>헤더 파일\Pieces</Filter>
    </ClInclude>
    <ClInclude Include="Bishop.h">
      <Filter>헤더 파일\Pieces</Filter>
    </ClInclude>
    <ClInclude Include="King.h">
      <Filter>헤더 파일\Pieces</Filter>
    </ClInclude>
    <ClInclude Include="Knight.h">
      <Filter>헤더 파일\Pieces</Filter>
    </ClInclude>
    <ClInclude Include="Pawn.h">
      <Filter>헤더 파일\Pieces</Filter>
    </ClInclude>
    <ClInclude Include="Queen.h">
      <Filter>헤더 파일\Pieces</Filter>
    </ClInclude>
    <ClInclude Include="Rook.h">
      <Filter>헤더 파일\Pieces</Filter>
    </ClInclude>
    <ClInclude Include="Vector2.h">
      <Filter>헤더 파일</Filter>
    </ClInclude>
    <ClInclude Include="Queue.h">
      <Filter>헤더 파일</Filter>
    </ClInclude>
  </ItemGroup>
</Project>